
Microsoft Visual Studio Solution File, Format Version 12.00
# Visual Studio Version 17
VisualStudioVersion = 17.4.33103.184
MinimumVisualStudioVersion = 10.0.40219.1
Project("{FAE04EC0-301F-11D3-BF4B-00C04F79EFBC}") = "BusinessATMForms", "BusinessATMForms.csproj", "{A5B25A23-1403-4008-B4DE-091FFF7F9D25}"
EndProject
Global
	GlobalSection(SolutionConfigurationPlatforms) = preSolution
		Debug|Any CPU = Debug|Any CPU
		Release|Any CPU = Release|Any CPU
	EndGlobalSection
	GlobalSection(ProjectConfigurationPlatforms) = postSolution
		{A5B25A23-1403-4008-B4DE-091FFF7F9D25}.Debug|Any CPU.ActiveCfg = Debug|Any CPU
		{A5B25A23-1403-4008-B4DE-091FFF7F9D25}.Debug|Any CPU.Build.0 = Debug|Any CPU
		{A5B25A23-1403-4008-B4DE-091FFF7F9D25}.Release|Any CPU.ActiveCfg = Release|Any CPU
		{A5B25A23-1403-4008-B4DE-091FFF7F9D25}.Release|Any CPU.Build.0 = Release|Any CPU
	EndGlobalSection
	GlobalSection(SolutionProperties) = preSolution
		HideSolutionNode = FALSE
	EndGlobalSection
	GlobalSection(ExtensibilityGlobals) = postSolution
		SolutionGuid = {CB1E92CA-8DF5-45FF-9912-4DA38F2F1A35}
	EndGlobalSection
EndGlobal
